
Microsoft Visual Studio Solution File, Format Version 12.00
# Visual Studio Version 17
VisualStudioVersion = 17.14.36414.22
MinimumVisualStudioVersion = 10.0.40219.1
Project("{2150E333-8FDC-42A3-9474-1A3956D46DE8}") = "Task0", "Task0", "{36D591C7-65C7-A0D1-1CBC-10CDE441BDC8}"
EndProject
Project("{FAE04EC0-301F-11D3-BF4B-00C04F79EFBC}") = "Tyuiu.skirnevskyBR.Sprint1.Task0.V13", "Tyuiu.skirnevskyBR.Sprint1.Task0.V13\Tyuiu.skirnevskyBR.Sprint1.Task0.V13.csproj", "{7F1081DB-2C9B-4A30-B376-07027E10A2C5}"
EndProject
Project("{FAE04EC0-301F-11D3-BF4B-00C04F79EFBC}") = "Tyuiu.skirnevskyBR.Sprint1.Task0.V13.Lib", "Tyuiu.skirnevskyBR.Sprint1.Task0.V13.Lib\Tyuiu.skirnevskyBR.Sprint1.Task0.V13.Lib.csproj", "{8E1B69E6-F5F3-4865-8580-D6AE0F329EEB}"
EndProject
Project("{FAE04EC0-301F-11D3-BF4B-00C04F79EFBC}") = "Tyuiu.skirnevskyBR.Sprint1.Task0.V13.Test", "Tyuiu.skirnevskyBR.Sprint1.Task0.V13.Test\Tyuiu.skirnevskyBR.Sprint1.Task0.V13.Test.csproj", "{F92E302D-9436-46C7-9124-FEDACC57FE58}"
EndProject
Project("{2150E333-8FDC-42A3-9474-1A3956D46DE8}") = "Task1", "Task1", "{095E3252-FEA5-468A-AA8B-60CBA845CF2B}"
EndProject
Project("{FAE04EC0-301F-11D3-BF4B-00C04F79EFBC}") = "Tyuiu.skirnevskyBR.Sprint1.Task1.V17", "Tuyuiu.skirnevskyBR.Sprint1.Task1.V17\Tyuiu.skirnevskyBR.Sprint1.Task1.V17.csproj", "{079469E9-09A6-4160-A251-EAFAE5541D2C}"
EndProject
Project("{FAE04EC0-301F-11D3-BF4B-00C04F79EFBC}") = "Tyuiu.skirnevskyBR.Sprint1.Task1.V17.Test", "Tuyuiu.skirnevskyBR.Sprint1.Task1.V17.Test\Tyuiu.skirnevskyBR.Sprint1.Task1.V17.Test.csproj", "{56A03166-FD44-419D-B51C-E59507957996}"
EndProject
Project("{FAE04EC0-301F-11D3-BF4B-00C04F79EFBC}") = "Tyuiu.skirnevskyBR.Sprint1.Task1.V17.Lib", "Tuyuiu.skirnevskyBR.Sprint1.Task1.V17.Lib\Tyuiu.skirnevskyBR.Sprint1.Task1.V17.Lib.csproj", "{19284C06-6DA1-467D-B3B2-0D7F6C587EA5}"
EndProject
Project("{2150E333-8FDC-42A3-9474-1A3956D46DE8}") = "Task2", "Task2", "{59A019D1-C2B5-4D86-B000-F909A1BEDFEF}"
EndProject
Project("{FAE04EC0-301F-11D3-BF4B-00C04F79EFBC}") = "Tyuiu.skirnevskyBR.Sprint1.Task2.V20", "Tyuiu.skirnevskyBR.Sprint1.Task2.V20\Tyuiu.skirnevskyBR.Sprint1.Task2.V20.csproj", "{50BB2461-58EC-4F30-ABEE-3B51EC63DFE7}"
EndProject
Project("{FAE04EC0-301F-11D3-BF4B-00C04F79EFBC}") = "Tyuiu.skirnevskyBR.Sprint1.Task2.V20.Lib", "Tyuiu.skirnevskyBR.Sprint1.Task2.V20.Lib\Tyuiu.skirnevskyBR.Sprint1.Task2.V20.Lib.csproj", "{C0722576-C48F-44C4-B6FA-29F3A9D2A7F6}"
EndProject
Project("{FAE04EC0-301F-11D3-BF4B-00C04F79EFBC}") = "Tyuiu.skirnevskyBR.Sprint1.Task2.V20.Test", "Tyuiu.skirnevskyBR.Sprint1.Task2.V20.Test\Tyuiu.skirnevskyBR.Sprint1.Task2.V20.Test.csproj", "{FB82EE19-65E5-4159-8BE5-C4915AC69FAD}"
EndProject
Project("{2150E333-8FDC-42A3-9474-1A3956D46DE8}") = "Task3", "Task3", "{CE314491-BC38-4992-8D76-A2A32CF1218C}"
EndProject
Project("{FAE04EC0-301F-11D3-BF4B-00C04F79EFBC}") = "Tyuiu.skirnevskyBR.Sprint1.Task3.V5", "Tyuiu.skirnevskyBR.Sprint1.Task3.V5\Tyuiu.skirnevskyBR.Sprint1.Task3.V5.csproj", "{9A9D01DF-8AA7-4271-929F-3A85EEDFF959}"
EndProject
Project("{FAE04EC0-301F-11D3-BF4B-00C04F79EFBC}") = "Tyuiu.skirnevskyBR.Sprint1.Task3.V5.Test", "Tyuiu.skirnevskyBR.Sprint1.Task3.V5.Test\Tyuiu.skirnevskyBR.Sprint1.Task3.V5.Test.csproj", "{ED53CD32-EC6C-46C9-80A0-87390D553D2E}"
EndProject
Project("{FAE04EC0-301F-11D3-BF4B-00C04F79EFBC}") = "Tyuiu.skirnevskyBR.Sprint1.Task3.V5.Lib", "Tyuiu.skirnevskyBR.Sprint1.Task3.V5.Lib\Tyuiu.skirnevskyBR.Sprint1.Task3.V5.Lib.csproj", "{9281F5A4-9564-4C3D-97EB-5FD1ADCA0454}"
EndProject
Project("{2150E333-8FDC-42A3-9474-1A3956D46DE8}") = "Task4", "Task4", "{2083215E-7EF8-45EC-87FE-C6F6B2FDCA8F}"
EndProject
Project("{FAE04EC0-301F-11D3-BF4B-00C04F79EFBC}") = "Tyuiu.skirnevskyBR.Sprint1.Task4.V12", "Tyuiu.skirnevskyBR.Sprint1.Task4.V12\Tyuiu.skirnevskyBR.Sprint1.Task4.V12.csproj", "{4B71EC74-8C74-4114-9BAE-9467DC11E1AA}"
EndProject
Project("{FAE04EC0-301F-11D3-BF4B-00C04F79EFBC}") = "Tyuiu.skirnevskyBR.Sprint1.Task4.V12.Lib", "Tyuiu.skirnevskyBR.Sprint1.Task4.V12.Lib\Tyuiu.skirnevskyBR.Sprint1.Task4.V12.Lib.csproj", "{97F71F80-77A0-4DE1-9D6A-11354C603E66}"
EndProject
Project("{FAE04EC0-301F-11D3-BF4B-00C04F79EFBC}") = "Tyuiu.skirnevskyBR.Sprint1.Task4.V12.Test", "Tyuiu.skirnevskyBR.Sprint1.Task4.V12.Test\Tyuiu.skirnevskyBR.Sprint1.Task4.V12.Test.csproj", "{1E7C37DD-CC18-48F3-A0E9-EACD9EDECDF7}"
EndProject
Project("{2150E333-8FDC-42A3-9474-1A3956D46DE8}") = "Task5", "Task5", "{771B51D8-5D71-458A-A81D-2BA4B19AB4F1}"
EndProject
Project("{FAE04EC0-301F-11D3-BF4B-00C04F79EFBC}") = "Tyuiu.skirnevskyBR.Sprint1.Task5.V4", "Tyuiu.skirnevskyBR.Sprint1.Task5.V4\Tyuiu.skirnevskyBR.Sprint1.Task5.V4.csproj", "{C8A498D7-0282-44B1-9C33-45104B21E752}"
EndProject
Project("{FAE04EC0-301F-11D3-BF4B-00C04F79EFBC}") = "Tyuiu.skirnevskyBR.Sprint1.Task5.V4.Test", "Tyuiu.skirnevskyBR.Sprint1.Task5.V4.Test\Tyuiu.skirnevskyBR.Sprint1.Task5.V4.Test.csproj", "{B5B0288E-28C6-48C9-9948-051B50EC8B55}"
EndProject
Project("{FAE04EC0-301F-11D3-BF4B-00C04F79EFBC}") = "Tyuiu.skirnevskyBR.Sprint1.Task5.V4.Lib", "Tyuiu.skirnevskyBR.Sprint1.Task5.V4.Lib\Tyuiu.skirnevskyBR.Sprint1.Task5.V4.Lib.csproj", "{094C3157-1501-4499-A846-751127284D89}"
EndProject
Project("{2150E333-8FDC-42A3-9474-1A3956D46DE8}") = "Task6", "Task6", "{8F5AB354-9A0A-4243-8666-3093DF4CD178}"
EndProject
Project("{FAE04EC0-301F-11D3-BF4B-00C04F79EFBC}") = "Tyuiu.skirnevskyBR.Sprint1.Task6.V2", "Tyuiu.skirnevskyBR.Sprint1.Task6.V18\Tyuiu.skirnevskyBR.Sprint1.Task6.V2.csproj", "{F5AFEABD-B79A-4F5E-AD38-1BA5C899E804}"
EndProject
Project("{FAE04EC0-301F-11D3-BF4B-00C04F79EFBC}") = "Tyuiu.skirnevskyBR.Sprint1.Task6.V2.Lib", "Tyuiu.skirnevskyBR.Sprint1.Task6.V18.Lib\Tyuiu.skirnevskyBR.Sprint1.Task6.V2.Lib.csproj", "{F4B0B8EB-2CA0-4DB5-BA83-643BFC313207}"
EndProject
Project("{FAE04EC0-301F-11D3-BF4B-00C04F79EFBC}") = "Tyuiu.skirnevskyBR.Sprint1.Task6.V2.Test", "Tyuiu.skirnevskyBR.Sprint1.Task6.V18.Test\Tyuiu.skirnevskyBR.Sprint1.Task6.V2.Test.csproj", "{AE67EDF9-F3FF-42BE-BE5E-ED4AEAFFFF00}"
EndProject
Project("{2150E333-8FDC-42A3-9474-1A3956D46DE8}") = "Task7", "Task7", "{83DBFD5E-472F-4EAC-AAA0-405BB17622E1}"
EndProject
Project("{FAE04EC0-301F-11D3-BF4B-00C04F79EFBC}") = "Tyuiu.skirnevskyBR.Sprint1.Task7.V8", "Tyuiu.skirnevskyBR.Sprint1.V8\Tyuiu.skirnevskyBR.Sprint1.Task7.V8.csproj", "{4057D284-32FB-482F-8C73-5E561AFE61CB}"
EndProject
Project("{FAE04EC0-301F-11D3-BF4B-00C04F79EFBC}") = "Tyuiu.skirnevskyBR.Sprint1.Task7.V8.Test", "Tyuiu.skirnevskyBR.Sprint1.V8.Test\Tyuiu.skirnevskyBR.Sprint1.Task7.V8.Test.csproj", "{E33801DE-39E1-444C-87E1-555CC0EB1D27}"
EndProject
Project("{FAE04EC0-301F-11D3-BF4B-00C04F79EFBC}") = "Tyuiu.skirnevskyBR.Sprint1.Task7.V8.Lib", "Tyuiu.skirnevskyBR.Sprint1.V8.Lib\Tyuiu.skirnevskyBR.Sprint1.Task7.V8.Lib.csproj", "{F8BB8953-F113-4010-80A8-5C83E9C90E72}"
EndProject
Global
	GlobalSection(SolutionConfigurationPlatforms) = preSolution
		Debug|Any CPU = Debug|Any CPU
		Release|Any CPU = Release|Any CPU
	EndGlobalSection
	GlobalSection(ProjectConfigurationPlatforms) = postSolution
		{7F1081DB-2C9B-4A30-B376-07027E10A2C5}.Debug|Any CPU.ActiveCfg = Debug|Any CPU
		{7F1081DB-2C9B-4A30-B376-07027E10A2C5}.Debug|Any CPU.Build.0 = Debug|Any CPU
		{7F1081DB-2C9B-4A30-B376-07027E10A2C5}.Release|Any CPU.ActiveCfg = Release|Any CPU
		{7F1081DB-2C9B-4A30-B376-07027E10A2C5}.Release|Any CPU.Build.0 = Release|Any CPU
		{8E1B69E6-F5F3-4865-8580-D6AE0F329EEB}.Debug|Any CPU.ActiveCfg = Debug|Any CPU
		{8E1B69E6-F5F3-4865-8580-D6AE0F329EEB}.Debug|Any CPU.Build.0 = Debug|Any CPU
		{8E1B69E6-F5F3-4865-8580-D6AE0F329EEB}.Release|Any CPU.ActiveCfg = Release|Any CPU
		{8E1B69E6-F5F3-4865-8580-D6AE0F329EEB}.Release|Any CPU.Build.0 = Release|Any CPU
		{F92E302D-9436-46C7-9124-FEDACC57FE58}.Debug|Any CPU.ActiveCfg = Debug|Any CPU
		{F92E302D-9436-46C7-9124-FEDACC57FE58}.Debug|Any CPU.Build.0 = Debug|Any CPU
		{F92E302D-9436-46C7-9124-FEDACC57FE58}.Release|Any CPU.ActiveCfg = Release|Any CPU
		{F92E302D-9436-46C7-9124-FEDACC57FE58}.Release|Any CPU.Build.0 = Release|Any CPU
		{079469E9-09A6-4160-A251-EAFAE5541D2C}.Debug|Any CPU.ActiveCfg = Debug|Any CPU
		{079469E9-09A6-4160-A251-EAFAE5541D2C}.Debug|Any CPU.Build.0 = Debug|Any CPU
		{079469E9-09A6-4160-A251-EAFAE5541D2C}.Release|Any CPU.ActiveCfg = Release|Any CPU
		{079469E9-09A6-4160-A251-EAFAE5541D2C}.Release|Any CPU.Build.0 = Release|Any CPU
		{56A03166-FD44-419D-B51C-E59507957996}.Debug|Any CPU.ActiveCfg = Debug|Any CPU
		{56A03166-FD44-419D-B51C-E59507957996}.Debug|Any CPU.Build.0 = Debug|Any CPU
		{56A03166-FD44-419D-B51C-E59507957996}.Release|Any CPU.ActiveCfg = Release|Any CPU
		{56A03166-FD44-419D-B51C-E59507957996}.Release|Any CPU.Build.0 = Release|Any CPU
		{19284C06-6DA1-467D-B3B2-0D7F6C587EA5}.Debug|Any CPU.ActiveCfg = Debug|Any CPU
		{19284C06-6DA1-467D-B3B2-0D7F6C587EA5}.Debug|Any CPU.Build.0 = Debug|Any CPU
		{19284C06-6DA1-467D-B3B2-0D7F6C587EA5}.Release|Any CPU.ActiveCfg = Release|Any CPU
		{19284C06-6DA1-467D-B3B2-0D7F6C587EA5}.Release|Any CPU.Build.0 = Release|Any CPU
		{50BB2461-58EC-4F30-ABEE-3B51EC63DFE7}.Debug|Any CPU.ActiveCfg = Debug|Any CPU
		{50BB2461-58EC-4F30-ABEE-3B51EC63DFE7}.Debug|Any CPU.Build.0 = Debug|Any CPU
		{50BB2461-58EC-4F30-ABEE-3B51EC63DFE7}.Release|Any CPU.ActiveCfg = Release|Any CPU
		{50BB2461-58EC-4F30-ABEE-3B51EC63DFE7}.Release|Any CPU.Build.0 = Release|Any CPU
		{C0722576-C48F-44C4-B6FA-29F3A9D2A7F6}.Debug|Any CPU.ActiveCfg = Debug|Any CPU
		{C0722576-C48F-44C4-B6FA-29F3A9D2A7F6}.Debug|Any CPU.Build.0 = Debug|Any CPU
		{C0722576-C48F-44C4-B6FA-29F3A9D2A7F6}.Release|Any CPU.ActiveCfg = Release|Any CPU
		{C0722576-C48F-44C4-B6FA-29F3A9D2A7F6}.Release|Any CPU.Build.0 = Release|Any CPU
		{FB82EE19-65E5-4159-8BE5-C4915AC69FAD}.Debug|Any CPU.ActiveCfg = Debug|Any CPU
		{FB82EE19-65E5-4159-8BE5-C4915AC69FAD}.Debug|Any CPU.Build.0 = Debug|Any CPU
		{FB82EE19-65E5-4159-8BE5-C4915AC69FAD}.Release|Any CPU.ActiveCfg = Release|Any CPU
		{FB82EE19-65E5-4159-8BE5-C4915AC69FAD}.Release|Any CPU.Build.0 = Release|Any CPU
		{9A9D01DF-8AA7-4271-929F-3A85EEDFF959}.Debug|Any CPU.ActiveCfg = Debug|Any CPU
		{9A9D01DF-8AA7-4271-929F-3A85EEDFF959}.Debug|Any CPU.Build.0 = Debug|Any CPU
		{9A9D01DF-8AA7-4271-929F-3A85EEDFF959}.Release|Any CPU.ActiveCfg = Release|Any CPU
		{9A9D01DF-8AA7-4271-929F-3A85EEDFF959}.Release|Any CPU.Build.0 = Release|Any CPU
		{ED53CD32-EC6C-46C9-80A0-87390D553D2E}.Debug|Any CPU.ActiveCfg = Debug|Any CPU
		{ED53CD32-EC6C-46C9-80A0-87390D553D2E}.Debug|Any CPU.Build.0 = Debug|Any CPU
		{ED53CD32-EC6C-46C9-80A0-87390D553D2E}.Release|Any CPU.ActiveCfg = Release|Any CPU
		{ED53CD32-EC6C-46C9-80A0-87390D553D2E}.Release|Any CPU.Build.0 = Release|Any CPU
		{9281F5A4-9564-4C3D-97EB-5FD1ADCA0454}.Debug|Any CPU.ActiveCfg = Debug|Any CPU
		{9281F5A4-9564-4C3D-97EB-5FD1ADCA0454}.Debug|Any CPU.Build.0 = Debug|Any CPU
		{9281F5A4-9564-4C3D-97EB-5FD1ADCA0454}.Release|Any CPU.ActiveCfg = Release|Any CPU
		{9281F5A4-9564-4C3D-97EB-5FD1ADCA0454}.Release|Any CPU.Build.0 = Release|Any CPU
		{4B71EC74-8C74-4114-9BAE-9467DC11E1AA}.Debug|Any CPU.ActiveCfg = Debug|Any CPU
		{4B71EC74-8C74-4114-9BAE-9467DC11E1AA}.Debug|Any CPU.Build.0 = Debug|Any CPU
		{4B71EC74-8C74-4114-9BAE-9467DC11E1AA}.Release|Any CPU.ActiveCfg = Release|Any CPU
		{4B71EC74-8C74-4114-9BAE-9467DC11E1AA}.Release|Any CPU.Build.0 = Release|Any CPU
		{97F71F80-77A0-4DE1-9D6A-11354C603E66}.Debug|Any CPU.ActiveCfg = Debug|Any CPU
		{97F71F80-77A0-4DE1-9D6A-11354C603E66}.Debug|Any CPU.Build.0 = Debug|Any CPU
		{97F71F80-77A0-4DE1-9D6A-11354C603E66}.Release|Any CPU.ActiveCfg = Release|Any CPU
		{97F71F80-77A0-4DE1-9D6A-11354C603E66}.Release|Any CPU.Build.0 = Release|Any CPU
		{1E7C37DD-CC18-48F3-A0E9-EACD9EDECDF7}.Debug|Any CPU.ActiveCfg = Debug|Any CPU
		{1E7C37DD-CC18-48F3-A0E9-EACD9EDECDF7}.Debug|Any CPU.Build.0 = Debug|Any CPU
		{1E7C37DD-CC18-48F3-A0E9-EACD9EDECDF7}.Release|Any CPU.ActiveCfg = Release|Any CPU
		{1E7C37DD-CC18-48F3-A0E9-EACD9EDECDF7}.Release|Any CPU.Build.0 = Release|Any CPU
		{C8A498D7-0282-44B1-9C33-45104B21E752}.Debug|Any CPU.ActiveCfg = Debug|Any CPU
		{C8A498D7-0282-44B1-9C33-45104B21E752}.Debug|Any CPU.Build.0 = Debug|Any CPU
		{C8A498D7-0282-44B1-9C33-45104B21E752}.Release|Any CPU.ActiveCfg = Release|Any CPU
		{C8A498D7-0282-44B1-9C33-45104B21E752}.Release|Any CPU.Build.0 = Release|Any CPU
		{B5B0288E-28C6-48C9-9948-051B50EC8B55}.Debug|Any CPU.ActiveCfg = Debug|Any CPU
		{B5B0288E-28C6-48C9-9948-051B50EC8B55}.Debug|Any CPU.Build.0 = Debug|Any CPU
		{B5B0288E-28C6-48C9-9948-051B50EC8B55}.Release|Any CPU.ActiveCfg = Release|Any CPU
		{B5B0288E-28C6-48C9-9948-051B50EC8B55}.Release|Any CPU.Build.0 = Release|Any CPU
		{094C3157-1501-4499-A846-751127284D89}.Debug|Any CPU.ActiveCfg = Debug|Any CPU
		{094C3157-1501-4499-A846-751127284D89}.Debug|Any CPU.Build.0 = Debug|Any CPU
		{094C3157-1501-4499-A846-751127284D89}.Release|Any CPU.ActiveCfg = Release|Any CPU
		{094C3157-1501-4499-A846-751127284D89}.Release|Any CPU.Build.0 = Release|Any CPU
		{F5AFEABD-B79A-4F5E-AD38-1BA5C899E804}.Debug|Any CPU.ActiveCfg = Debug|Any CPU
		{F5AFEABD-B79A-4F5E-AD38-1BA5C899E804}.Debug|Any CPU.Build.0 = Debug|Any CPU
		{F5AFEABD-B79A-4F5E-AD38-1BA5C899E804}.Release|Any CPU.ActiveCfg = Release|Any CPU
		{F5AFEABD-B79A-4F5E-AD38-1BA5C899E804}.Release|Any CPU.Build.0 = Release|Any CPU
		{F4B0B8EB-2CA0-4DB5-BA83-643BFC313207}.Debug|Any CPU.ActiveCfg = Debug|Any CPU
		{F4B0B8EB-2CA0-4DB5-BA83-643BFC313207}.Debug|Any CPU.Build.0 = Debug|Any CPU
		{F4B0B8EB-2CA0-4DB5-BA83-643BFC313207}.Release|Any CPU.ActiveCfg = Release|Any CPU
		{F4B0B8EB-2CA0-4DB5-BA83-643BFC313207}.Release|Any CPU.Build.0 = Release|Any CPU
		{AE67EDF9-F3FF-42BE-BE5E-ED4AEAFFFF00}.Debug|Any CPU.ActiveCfg = Debug|Any CPU
		{AE67EDF9-F3FF-42BE-BE5E-ED4AEAFFFF00}.Debug|Any CPU.Build.0 = Debug|Any CPU
		{AE67EDF9-F3FF-42BE-BE5E-ED4AEAFFFF00}.Release|Any CPU.ActiveCfg = Release|Any CPU
		{AE67EDF9-F3FF-42BE-BE5E-ED4AEAFFFF00}.Release|Any CPU.Build.0 = Release|Any CPU
		{4057D284-32FB-482F-8C73-5E561AFE61CB}.Debug|Any CPU.ActiveCfg = Debug|Any CPU
		{4057D284-32FB-482F-8C73-5E561AFE61CB}.Debug|Any CPU.Build.0 = Debug|Any CPU
		{4057D284-32FB-482F-8C73-5E561AFE61CB}.Release|Any CPU.ActiveCfg = Release|Any CPU
		{4057D284-32FB-482F-8C73-5E561AFE61CB}.Release|Any CPU.Build.0 = Release|Any CPU
		{E33801DE-39E1-444C-87E1-555CC0EB1D27}.Debug|Any CPU.ActiveCfg = Debug|Any CPU
		{E33801DE-39E1-444C-87E1-555CC0EB1D27}.Debug|Any CPU.Build.0 = Debug|Any CPU
		{E33801DE-39E1-444C-87E1-555CC0EB1D27}.Release|Any CPU.ActiveCfg = Release|Any CPU
		{E33801DE-39E1-444C-87E1-555CC0EB1D27}.Release|Any CPU.Build.0 = Release|Any CPU
		{F8BB8953-F113-4010-80A8-5C83E9C90E72}.Debug|Any CPU.ActiveCfg = Debug|Any CPU
		{F8BB8953-F113-4010-80A8-5C83E9C90E72}.Debug|Any CPU.Build.0 = Debug|Any CPU
		{F8BB8953-F113-4010-80A8-5C83E9C90E72}.Release|Any CPU.ActiveCfg = Release|Any CPU
		{F8BB8953-F113-4010-80A8-5C83E9C90E72}.Release|Any CPU.Build.0 = Release|Any CPU
	EndGlobalSection
	GlobalSection(SolutionProperties) = preSolution
		HideSolutionNode = FALSE
	EndGlobalSection
	GlobalSection(NestedProjects) = preSolution
		{7F1081DB-2C9B-4A30-B376-07027E10A2C5} = {36D591C7-65C7-A0D1-1CBC-10CDE441BDC8}
		{8E1B69E6-F5F3-4865-8580-D6AE0F329EEB} = {36D591C7-65C7-A0D1-1CBC-10CDE441BDC8}
		{F92E302D-9436-46C7-9124-FEDACC57FE58} = {36D591C7-65C7-A0D1-1CBC-10CDE441BDC8}
		{079469E9-09A6-4160-A251-EAFAE5541D2C} = {095E3252-FEA5-468A-AA8B-60CBA845CF2B}
		{56A03166-FD44-419D-B51C-E59507957996} = {095E3252-FEA5-468A-AA8B-60CBA845CF2B}
		{19284C06-6DA1-467D-B3B2-0D7F6C587EA5} = {095E3252-FEA5-468A-AA8B-60CBA845CF2B}
		{50BB2461-58EC-4F30-ABEE-3B51EC63DFE7} = {59A019D1-C2B5-4D86-B000-F909A1BEDFEF}
		{C0722576-C48F-44C4-B6FA-29F3A9D2A7F6} = {59A019D1-C2B5-4D86-B000-F909A1BEDFEF}
		{FB82EE19-65E5-4159-8BE5-C4915AC69FAD} = {59A019D1-C2B5-4D86-B000-F909A1BEDFEF}
		{9A9D01DF-8AA7-4271-929F-3A85EEDFF959} = {CE314491-BC38-4992-8D76-A2A32CF1218C}
		{ED53CD32-EC6C-46C9-80A0-87390D553D2E} = {CE314491-BC38-4992-8D76-A2A32CF1218C}
		{9281F5A4-9564-4C3D-97EB-5FD1ADCA0454} = {CE314491-BC38-4992-8D76-A2A32CF1218C}
		{4B71EC74-8C74-4114-9BAE-9467DC11E1AA} = {2083215E-7EF8-45EC-87FE-C6F6B2FDCA8F}
		{97F71F80-77A0-4DE1-9D6A-11354C603E66} = {2083215E-7EF8-45EC-87FE-C6F6B2FDCA8F}
		{1E7C37DD-CC18-48F3-A0E9-EACD9EDECDF7} = {2083215E-7EF8-45EC-87FE-C6F6B2FDCA8F}
		{C8A498D7-0282-44B1-9C33-45104B21E752} = {771B51D8-5D71-458A-A81D-2BA4B19AB4F1}
		{B5B0288E-28C6-48C9-9948-051B50EC8B55} = {771B51D8-5D71-458A-A81D-2BA4B19AB4F1}
		{094C3157-1501-4499-A846-751127284D89} = {771B51D8-5D71-458A-A81D-2BA4B19AB4F1}
		{F5AFEABD-B79A-4F5E-AD38-1BA5C899E804} = {8F5AB354-9A0A-4243-8666-3093DF4CD178}
		{F4B0B8EB-2CA0-4DB5-BA83-643BFC313207} = {8F5AB354-9A0A-4243-8666-3093DF4CD178}
		{AE67EDF9-F3FF-42BE-BE5E-ED4AEAFFFF00} = {8F5AB354-9A0A-4243-8666-3093DF4CD178}
		{4057D284-32FB-482F-8C73-5E561AFE61CB} = {83DBFD5E-472F-4EAC-AAA0-405BB17622E1}
		{E33801DE-39E1-444C-87E1-555CC0EB1D27} = {83DBFD5E-472F-4EAC-AAA0-405BB17622E1}
		{F8BB8953-F113-4010-80A8-5C83E9C90E72} = {83DBFD5E-472F-4EAC-AAA0-405BB17622E1}
	EndGlobalSection
	GlobalSection(ExtensibilityGlobals) = postSolution
		SolutionGuid = {0626C77F-1802-4EE4-9ABB-E3FF81705B1E}
	EndGlobalSection
EndGlobal
